
Microsoft Visual Studio Solution File, Format Version 12.00
# Visual Studio Version 17
VisualStudioVersion = 17.8.34309.116
MinimumVisualStudioVersion = 10.0.40219.1
Project("{FAE04EC0-301F-11D3-BF4B-00C04F79EFBC}") = "Blog_Website", "Blog_Website\Blog_Website.csproj", "{DB65205A-1111-499A-A94F-13F550B18B48}"
EndProject
Global
	GlobalSection(SolutionConfigurationPlatforms) = preSolution
		Debug|Any CPU = Debug|Any CPU
		Release|Any CPU = Release|Any CPU
	EndGlobalSection
	GlobalSection(ProjectConfigurationPlatforms) = postSolution
		{DB65205A-1111-499A-A94F-13F550B18B48}.Debug|Any CPU.ActiveCfg = Debug|Any CPU
		{DB65205A-1111-499A-A94F-13F550B18B48}.Debug|Any CPU.Build.0 = Debug|Any CPU
		{DB65205A-1111-499A-A94F-13F550B18B48}.Release|Any CPU.ActiveCfg = Release|Any CPU
		{DB65205A-1111-499A-A94F-13F550B18B48}.Release|Any CPU.Build.0 = Release|Any CPU
	EndGlobalSection
	GlobalSection(SolutionProperties) = preSolution
		HideSolutionNode = FALSE
	EndGlobalSection
	GlobalSection(ExtensibilityGlobals) = postSolution
		SolutionGuid = {D025BBC8-AB5F-4F82-AC2B-2D43522F6255}
	EndGlobalSection
EndGlobal
